<?xml version="1.0" encoding="utf-8"?>
<Project ToolsVersion="4.0" xmlns="http://schemas.microsoft.com/developer/msbuild/2003">
  <ItemGroup>
    <Filter Include="Header Files">
      <UniqueIdentifier>{93995380-89BD-4b04-88EB-625FBE52EBFB}</UniqueIdentifier>
      <Extensions>h;hh;hpp;hxx;hm;inl;inc;xsd</Extensions>
    </Filter>
    <Filter Include="Resource Files">
      <UniqueIdentifier>{67DA6AB6-F800-4c08-8B7A-83BB121AAD01}</UniqueIdentifier>
      <Extensions>rc;ico;cur;bmp;dlg;rc2;rct;bin;rgs;gif;jpg;jpeg;jpe;resx;tiff;tif;png;wav;mfcribbon-ms</Extensions>
    </Filter>
    <Filter Include="Source Files">
      <UniqueIdentifier>{19b16753-735e-4796-9da0-9e4286f5f971}</UniqueIdentifier>
    </Filter>
    <Filter Include="Component Tests">
      <UniqueIdentifier>{4FC737F1-C7A5-4376-A066-2A32D752A2FF}</UniqueIdentifier>
      <Extensions>cpp;c;cc;cxx;def;odl;idl;hpj;bat;asm;asmx</Extensions>
    </Filter>
  </ItemGroup>
  <ItemGroup>
    <ClCompile Include="..\..\..\breath\diagnostics\test\assert_test.cpp">
      <Filter>Component Tests</Filter>
    </ClCompile>
    <ClCompile Include="..\..\..\breath\memory\test\auto_array_test.cpp">
      <Filter>Component Tests</Filter>
    </ClCompile>
    <ClCompile Include="..\..\..\breath\path\test\base_file_name_test.cpp">
      <Filter>Component Tests</Filter>
    </ClCompile>
    <ClCompile Include="..\..\..\breath\encoding\test\base64_to_binary_test.cpp">
      <Filter>Component Tests</Filter>
    </ClCompile>
    <ClCompile Include="..\..\..\breath\text\test\begins_with_test.cpp">
      <Filter>Component Tests</Filter>
    </ClCompile>
    <ClCompile Include="..\..\..\breath\encoding\test\binary_to_base64_test.cpp">
      <Filter>Component Tests</Filter>
    </ClCompile>
    <ClCompile Include="..\..\..\breath\conversion\test\bit_cast_test.cpp">
      <Filter>Component Tests</Filter>
    </ClCompile>
    <ClCompile Include="..\..\..\breath\mathematics\test\clamp_test.cpp">
      <Filter>Component Tests</Filter>
    </ClCompile>
    <ClCompile Include="..\..\..\breath\mathematics\test\count_bits_test.cpp">
      <Filter>Component Tests</Filter>
    </ClCompile>
    <ClCompile Include="..\..\..\breath\checksum\test\crc32_test.cpp">
      <Filter>Component Tests</Filter>
    </ClCompile>
    <ClCompile Include="..\..\..\breath\metric\test\damerau_levenshtein_distance_test.cpp">
      <Filter>Component Tests</Filter>
    </ClCompile>
    <ClCompile Include="..\..\..\breath\mathematics\test\digital_root_test.cpp">
      <Filter>Component Tests</Filter>
    </ClCompile>
    <ClCompile Include="..\..\..\breath\debugging\test\dump_expression_test.cpp">
      <Filter>Component Tests</Filter>
    </ClCompile>
    <ClCompile Include="..\..\..\breath\endianness\test\endian_codec_test.cpp">
      <Filter>Component Tests</Filter>
    </ClCompile>
    <ClCompile Include="..\..\..\breath\text\test\ends_with_test.cpp">
      <Filter>Component Tests</Filter>
    </ClCompile>
    <ClCompile Include="..\..\..\breath\random\test\entropy_source_test.cpp">
      <Filter>Component Tests</Filter>
    </ClCompile>
    <ClCompile Include="..\..\..\breath\environment\test\environment_variable_consistency_test.cpp">
      <Filter>Component Tests</Filter>
    </ClCompile>
    <ClCompile Include="..\..\..\breath\stream\test\eof_value_test.cpp">
      <Filter>Component Tests</Filter>
    </ClCompile>
    <ClCompile Include="..\..\..\breath\diagnostics\test\exception_test.cpp">
      <Filter>Component Tests</Filter>
    </ClCompile>
    <ClCompile Include="..\..\..\breath\path\test\extension_test.cpp">
      <Filter>Component Tests</Filter>
    </ClCompile>
    <ClCompile Include="..\..\..\breath\text\test\from_string_test.cpp">
      <Filter>Component Tests</Filter>
    </ClCompile>
    <ClCompile Include="..\..\..\breath\mathematics\test\gcd_test.cpp">
      <Filter>Component Tests</Filter>
    </ClCompile>
    <ClCompile Include="..\..\..\breath\mathematics\extra\generate_bit_count_table.cpp">
      <Filter>Component Tests</Filter>
    </ClCompile>
    <ClCompile Include="..\..\..\breath\checksum\extra\generate_crc32_table.cpp">
      <Filter>Component Tests</Filter>
    </ClCompile>
    <ClCompile Include="..\..\..\breath\encoding\extra\generate_inverse_base64_table.cpp">
      <Filter>Component Tests</Filter>
    </ClCompile>
    <ClCompile Include="..\..\..\breath\environment\test\get_environment_variable_test.cpp">
      <Filter>Component Tests</Filter>
    </ClCompile>
    <ClCompile Include="..\..\..\breath\meta\test\integer_log2_compile_time_test.cpp">
      <Filter>Component Tests</Filter>
    </ClCompile>
    <ClCompile Include="..\..\..\breath\meta\test\is_2s_complement_test.cpp">
      <Filter>Component Tests</Filter>
    </ClCompile>
    <ClCompile Include="..\..\..\breath\mathematics\test\lcm_test.cpp">
      <Filter>Component Tests</Filter>
    </ClCompile>
    <ClCompile Include="..\..\..\breath\metric\test\levenshtein_distance_test.cpp">
      <Filter>Component Tests</Filter>
    </ClCompile>
    <ClCompile Include="..\..\..\breath\checksum\test\luhn_test.cpp">
      <Filter>Component Tests</Filter>
    </ClCompile>
    <ClCompile Include="..\..\..\breath\idiom\test\maybe_test.cpp">
      <Filter>Component Tests</Filter>
    </ClCompile>
    <ClCompile Include="..\..\..\breath\cryptography\test\merkle_damgard_hashing_test.cpp">
      <Filter>Component Tests</Filter>
    </ClCompile>
    <ClCompile Include="..\..\..\breath\cryptography\test\nist_vectors_test.cpp">
      <Filter>Component Tests</Filter>
    </ClCompile>
    <ClCompile Include="..\..\..\breath\stream\test\null_stream_test.cpp">
      <Filter>Component Tests</Filter>
    </ClCompile>
    <ClCompile Include="..\..\..\breath\preprocessing\test\prevent_macro_expansion_test.cpp">
      <Filter>Component Tests</Filter>
    </ClCompile>
    <ClCompile Include="..\..\..\breath\text\test\printable_string_test.cpp">
      <Filter>Component Tests</Filter>
    </ClCompile>
    <ClCompile Include="..\..\..\breath\type_identification\test\readable_type_name_test.cpp">
      <Filter>Component Tests</Filter>
    </ClCompile>
    <ClCompile Include="..\..\..\breath\text\test\remove_from_end_test.cpp">
      <Filter>Component Tests</Filter>
    </ClCompile>
    <ClCompile Include="..\..\..\breath\text\test\replace_all_test.cpp">
      <Filter>Component Tests</Filter>
    </ClCompile>
    <ClCompile Include="..\..\..\breath\mathematics\test\representation_in_base_test.cpp">
      <Filter>Component Tests</Filter>
    </ClCompile>
    <ClCompile Include="..\..\..\breath\conversion\test\roman_test.cpp">
      <Filter>Component Tests</Filter>
    </ClCompile>
    <ClCompile Include="..\..\..\breath\mathematics\test\rounded_up_quotient_test.cpp">
      <Filter>Component Tests</Filter>
    </ClCompile>
    <ClCompile Include="..\..\..\breath\text\test\set_of_chars_test.cpp">
      <Filter>Component Tests</Filter>
    </ClCompile>
    <ClCompile Include="..\..\..\breath\cryptography\test\sha384_test.cpp">
      <Filter>Component Tests</Filter>
    </ClCompile>
    <ClCompile Include="..\..\..\breath\text\test\split_test.cpp">
      <Filter>Component Tests</Filter>
    </ClCompile>
    <ClCompile Include="..\..\..\breath\stream\test\stream_equivalent_test.cpp">
      <Filter>Component Tests</Filter>
    </ClCompile>
    <ClCompile Include="..\..\..\breath\text\test\to_lowercase_test.cpp">
      <Filter>Component Tests</Filter>
    </ClCompile>
    <ClCompile Include="..\..\..\breath\text\test\to_string_test.cpp">
      <Filter>Component Tests</Filter>
    </ClCompile>
    <ClCompile Include="..\..\..\breath\text\test\to_uppercase_test.cpp">
      <Filter>Component Tests</Filter>
    </ClCompile>
    <ClCompile Include="..\..\..\breath\text\test\trim_head_test.cpp">
      <Filter>Component Tests</Filter>
    </ClCompile>
    <ClCompile Include="..\..\..\breath\text\test\trim_tail_test.cpp">
      <Filter>Component Tests</Filter>
    </ClCompile>
    <ClCompile Include="..\..\..\test\unit_test_main.cpp">
      <Filter>Source Files</Filter>
    </ClCompile>
    <ClCompile Include="..\..\..\breath\cryptography\test\digest_ordering_test.cpp">
      <Filter>Component Tests</Filter>
    </ClCompile>
    <ClCompile Include="..\..\..\breath\mathematics\test\is_power_of_2_test.cpp">
      <Filter>Component Tests</Filter>
    </ClCompile>
    <ClCompile Include="..\..\..\breath\preprocessing\test\stringize_after_expansion_test.cpp">
      <Filter>Component Tests</Filter>
    </ClCompile>
    <ClCompile Include="..\..\..\breath\preprocessing\test\stringize_test.cpp">
      <Filter>Component Tests</Filter>
    </ClCompile>
    <ClCompile Include="..\..\..\breath\text\test\tail_test.cpp">
      <Filter>Component Tests</Filter>
    </ClCompile>
    <ClCompile Include="..\..\..\breath\random\test\subrange_max_test.cpp">
      <Filter>Component Tests</Filter>
    </ClCompile>
  </ItemGroup>
  <ItemGroup>
    <ClInclude Include="unit_test_main.hpp">
      <Filter>Header Files</Filter>
    </ClInclude>
  </ItemGroup>
</Project>